{
  "lockfileVersion": 1,
  "configVersion": 0,
  "workspaces": {
    "": {
      "name": "bun-sqlite",
      "dependencies": {
        "@inquirer/prompts": "^8.3.0",
        "chalk": "^5.6.2",
        "commander": "^14.0.3",
        "inquirer": "^13.3.2",
        "lodash": "^4.17.23",
        "mysql": "^2.18.1",
        "sqlite-vec": "^0.1.7-alpha.2",
      },
      "devDependencies": {
        "@types/bun": "latest",
        "@types/inquirer": "^9.0.9",
        "@types/lodash": "^4.17.24",
        "@types/mysql": "^2.15.27",
        "@types/node": "^25.3.3",
      },
      "peerDependencies": {
        "typescript": "^5",
      },
    },
  },
  "packages": {
    "@inquirer/ansi": ["@inquirer/ansi@2.0.4", "", {}, "sha512-DpcZrQObd7S0R/U3bFdkcT5ebRwbTTC4D3tCc1vsJizmgPLxNJBo+AAFmrZwe8zk30P2QzgzGWZ3Q9uJwWuhIg=="],

    "@inquirer/checkbox": ["@inquirer/checkbox@5.1.0", "", { "dependencies": { "@inquirer/ansi": "^2.0.3", "@inquirer/core": "^11.1.5", "@inquirer/figures": "^2.0.3", "@inquirer/type": "^4.0.3" }, "peerDependencies": { "@types/node": ">=18" }, "optionalPeers": ["@types/node"] }, "sha512-/HjF1LN0a1h4/OFsbGKHNDtWICFU/dqXCdym719HFTyJo9IG7Otr+ziGWc9S0iQuohRZllh+WprSgd5UW5Fw0g=="],

    "@inquirer/confirm": ["@inquirer/confirm@6.0.8", "", { "dependencies": { "@inquirer/core": "^11.1.5", "@inquirer/type": "^4.0.3" }, "peerDependencies": { "@types/node": ">=18" }, "optionalPeers": ["@types/node"] }, "sha512-Di6dgmiZ9xCSUxWUReWTqDtbhXCuG2MQm2xmgSAIruzQzBqNf49b8E07/vbCYY506kDe8BiwJbegXweG8M1klw=="],

    "@inquirer/core": ["@inquirer/core@11.1.7", "", { "dependencies": { "@inquirer/ansi": "^2.0.4", "@inquirer/figures": "^2.0.4", "@inquirer/type": "^4.0.4", "cli-width": "^4.1.0", "fast-wrap-ansi": "^0.2.0", "mute-stream": "^3.0.0", "signal-exit": "^4.1.0" }, "peerDependencies": { "@types/node": ">=18" }, "optionalPeers": ["@types/node"] }, "sha512-1BiBNDk9btIwYIzNZpkikIHXWeNzNncJePPqwDyVMhXhD1ebqbpn1mKGctpoqAbzywZfdG0O4tvmsGIcOevAPQ=="],

    "@inquirer/editor": ["@inquirer/editor@5.0.8", "", { "dependencies": { "@inquirer/core": "^11.1.5", "@inquirer/external-editor": "^2.0.3", "@inquirer/type": "^4.0.3" }, "peerDependencies": { "@types/node": ">=18" }, "optionalPeers": ["@types/node"] }, "sha512-sLcpbb9B3XqUEGrj1N66KwhDhEckzZ4nI/W6SvLXyBX8Wic3LDLENlWRvkOGpCPoserabe+MxQkpiMoI8irvyA=="],

    "@inquirer/expand": ["@inquirer/expand@5.0.8", "", { "dependencies": { "@inquirer/core": "^11.1.5", "@inquirer/type": "^4.0.3" }, "peerDependencies": { "@types/node": ">=18" }, "optionalPeers": ["@types/node"] }, "sha512-QieW3F1prNw3j+hxO7/NKkG1pk3oz7pOB6+5Upwu3OIwADfPX0oZVppsqlL+Vl/uBHHDSOBY0BirLctLnXwGGg=="],

    "@inquirer/external-editor": ["@inquirer/external-editor@2.0.3", "", { "dependencies": { "chardet": "^2.1.1", "iconv-lite": "^0.7.2" }, "peerDependencies": { "@types/node": ">=18" }, "optionalPeers": ["@types/node"] }, "sha512-LgyI7Agbda74/cL5MvA88iDpvdXI2KuMBCGRkbCl2Dg1vzHeOgs+s0SDcXV7b+WZJrv2+ERpWSM65Fpi9VfY3w=="],

    "@inquirer/figures": ["@inquirer/figures@2.0.3", "", {}, "sha512-y09iGt3JKoOCBQ3w4YrSJdokcD8ciSlMIWsD+auPu+OZpfxLuyz+gICAQ6GCBOmJJt4KEQGHuZSVff2jiNOy7g=="],

    "@inquirer/input": ["@inquirer/input@5.0.8", "", { "dependencies": { "@inquirer/core": "^11.1.5", "@inquirer/type": "^4.0.3" }, "peerDependencies": { "@types/node": ">=18" }, "optionalPeers": ["@types/node"] }, "sha512-p0IJslw0AmedLEkOU+yrEX3Aj2RTpQq7ZOf8nc1DIhjzaxRWrrgeuE5Kyh39fVRgtcACaMXx/9WNo8+GjgBOfw=="],

    "@inquirer/number": ["@inquirer/number@4.0.8", "", { "dependencies": { "@inquirer/core": "^11.1.5", "@inquirer/type": "^4.0.3" }, "peerDependencies": { "@types/node": ">=18" }, "optionalPeers": ["@types/node"] }, "sha512-uGLiQah9A0F9UIvJBX52m0CnqtLaym0WpT9V4YZrjZ+YRDKZdwwoEPz06N6w8ChE2lrnsdyhY9sL+Y690Kh9gQ=="],

    "@inquirer/password": ["@inquirer/password@5.0.8", "", { "dependencies": { "@inquirer/ansi": "^2.0.3", "@inquirer/core": "^11.1.5", "@inquirer/type": "^4.0.3" }, "peerDependencies": { "@types/node": ">=18" }, "optionalPeers": ["@types/node"] }, "sha512-zt1sF4lYLdvPqvmvHdmjOzuUUjuCQ897pdUCO8RbXMUDKXJTTyOQgtn23le+jwcb+MpHl3VAFvzIdxRAf6aPlA=="],

    "@inquirer/prompts": ["@inquirer/prompts@8.3.0", "", { "dependencies": { "@inquirer/checkbox": "^5.1.0", "@inquirer/confirm": "^6.0.8", "@inquirer/editor": "^5.0.8", "@inquirer/expand": "^5.0.8", "@inquirer/input": "^5.0.8", "@inquirer/number": "^4.0.8", "@inquirer/password": "^5.0.8", "@inquirer/rawlist": "^5.2.4", "@inquirer/search": "^4.1.4", "@inquirer/select": "^5.1.0" }, "peerDependencies": { "@types/node": ">=18" }, "optionalPeers": ["@types/node"] }, "sha512-JAj66kjdH/F1+B7LCigjARbwstt3SNUOSzMdjpsvwJmzunK88gJeXmcm95L9nw1KynvFVuY4SzXh/3Y0lvtgSg=="],

    "@inquirer/rawlist": ["@inquirer/rawlist@5.2.4", "", { "dependencies": { "@inquirer/core": "^11.1.5", "@inquirer/type": "^4.0.3" }, "peerDependencies": { "@types/node": ">=18" }, "optionalPeers": ["@types/node"] }, "sha512-fTuJ5Cq9W286isLxwj6GGyfTjx1Zdk4qppVEPexFuA6yioCCXS4V1zfKroQqw7QdbDPN73xs2DiIAlo55+kBqg=="],

    "@inquirer/search": ["@inquirer/search@4.1.4", "", { "dependencies": { "@inquirer/core": "^11.1.5", "@inquirer/figures": "^2.0.3", "@inquirer/type": "^4.0.3" }, "peerDependencies": { "@types/node": ">=18" }, "optionalPeers": ["@types/node"] }, "sha512-9yPTxq7LPmYjrGn3DRuaPuPbmC6u3fiWcsE9ggfLcdgO/ICHYgxq7mEy1yJ39brVvgXhtOtvDVjDh9slJxE4LQ=="],

    "@inquirer/select": ["@inquirer/select@5.1.0", "", { "dependencies": { "@inquirer/ansi": "^2.0.3", "@inquirer/core": "^11.1.5", "@inquirer/figures": "^2.0.3", "@inquirer/type": "^4.0.3" }, "peerDependencies": { "@types/node": ">=18" }, "optionalPeers": ["@types/node"] }, "sha512-OyYbKnchS1u+zRe14LpYrN8S0wH1vD0p2yKISvSsJdH2TpI87fh4eZdWnpdbrGauCRWDph3NwxRmM4Pcm/hx1Q=="],

    "@inquirer/type": ["@inquirer/type@4.0.4", "", { "peerDependencies": { "@types/node": ">=18" }, "optionalPeers": ["@types/node"] }, "sha512-PamArxO3cFJZoOzspzo6cxVlLeIftyBsZw/S9bKY5DzxqJVZgjoj1oP8d0rskKtp7sZxBycsoer1g6UeJV1BBA=="],

    "@types/bun": ["@types/bun@1.3.9", "", { "dependencies": { "bun-types": "1.3.9" } }, "sha512-KQ571yULOdWJiMH+RIWIOZ7B2RXQGpL1YQrBtLIV3FqDcCu6FsbFUBwhdKUlCKUpS3PJDsHlJ1QKlpxoVR+xtw=="],

    "@types/inquirer": ["@types/inquirer@9.0.9", "", { "dependencies": { "@types/through": "*", "rxjs": "^7.2.0" } }, "sha512-/mWx5136gts2Z2e5izdoRCo46lPp5TMs9R15GTSsgg/XnZyxDWVqoVU3R9lWnccKpqwsJLvRoxbCjoJtZB7DSw=="],

    "@types/lodash": ["@types/lodash@4.17.24", "", {}, "sha512-gIW7lQLZbue7lRSWEFql49QJJWThrTFFeIMJdp3eH4tKoxm1OvEPg02rm4wCCSHS0cL3/Fizimb35b7k8atwsQ=="],

    "@types/mysql": ["@types/mysql@2.15.27", "", { "dependencies": { "@types/node": "*" } }, "sha512-YfWiV16IY0OeBfBCk8+hXKmdTKrKlwKN1MNKAPBu5JYxLwBEZl7QzeEpGnlZb3VMGJrrGmB84gXiH+ofs/TezA=="],

    "@types/node": ["@types/node@25.3.3", "", { "dependencies": { "undici-types": "~7.18.0" } }, "sha512-DpzbrH7wIcBaJibpKo9nnSQL0MTRdnWttGyE5haGwK86xgMOkFLp7vEyfQPGLOJh5wNYiJ3V9PmUMDhV9u8kkQ=="],

    "@types/through": ["@types/through@0.0.33", "", { "dependencies": { "@types/node": "*" } }, "sha512-HsJ+z3QuETzP3cswwtzt2vEIiHBk/dCcHGhbmG5X3ecnwFD/lPrMpliGXxSCg03L9AhrdwA4Oz/qfspkDW+xGQ=="],

    "bignumber.js": ["bignumber.js@9.0.0", "", {}, "sha512-t/OYhhJ2SD+YGBQcjY8GzzDHEk9f3nerxjtfa6tlMXfe7frs/WozhvCNoGvpM0P3bNf3Gq5ZRMlGr5f3r4/N8A=="],

    "bun-types": ["bun-types@1.3.9", "", { "dependencies": { "@types/node": "*" } }, "sha512-+UBWWOakIP4Tswh0Bt0QD0alpTY8cb5hvgiYeWCMet9YukHbzuruIEeXC2D7nMJPB12kbh8C7XJykSexEqGKJg=="],

    "chalk": ["chalk@5.6.2", "", {}, "sha512-7NzBL0rN6fMUW+f7A6Io4h40qQlG+xGmtMxfbnH/K7TAtt8JQWVQK+6g0UXKMeVJoyV5EkkNsErQ8pVD3bLHbA=="],

    "chardet": ["chardet@2.1.1", "", {}, "sha512-PsezH1rqdV9VvyNhxxOW32/d75r01NY7TQCmOqomRo15ZSOKbpTFVsfjghxo6JloQUCGnH4k1LGu0R4yCLlWQQ=="],

    "cli-width": ["cli-width@4.1.0", "", {}, "sha512-ouuZd4/dm2Sw5Gmqy6bGyNNNe1qt9RpmxveLSO7KcgsTnU7RXfsw+/bukWGo1abgBiMAic068rclZsO4IWmmxQ=="],

    "commander": ["commander@14.0.3", "", {}, "sha512-H+y0Jo/T1RZ9qPP4Eh1pkcQcLRglraJaSLoyOtHxu6AapkjWVCy2Sit1QQ4x3Dng8qDlSsZEet7g5Pq06MvTgw=="],

    "core-util-is": ["core-util-is@1.0.3", "", {}, "sha512-ZQBvi1DcpJ4GDqanjucZ2Hj3wEO5pZDS89BWbkcrvdxksJorwUDDZamX9ldFkp9aw2lmBDLgkObEA4DWNJ9FYQ=="],

    "fast-string-truncated-width": ["fast-string-truncated-width@3.0.3", "", {}, "sha512-0jjjIEL6+0jag3l2XWWizO64/aZVtpiGE3t0Zgqxv0DPuxiMjvB3M24fCyhZUO4KomJQPj3LTSUnDP3GpdwC0g=="],

    "fast-string-width": ["fast-string-width@3.0.2", "", { "dependencies": { "fast-string-truncated-width": "^3.0.2" } }, "sha512-gX8LrtNEI5hq8DVUfRQMbr5lpaS4nMIWV+7XEbXk2b8kiQIizgnlr12B4dA3ZEx3308ze0O4Q1R+cHts8kyUJg=="],

    "fast-wrap-ansi": ["fast-wrap-ansi@0.2.0", "", { "dependencies": { "fast-string-width": "^3.0.2" } }, "sha512-rLV8JHxTyhVmFYhBJuMujcrHqOT2cnO5Zxj37qROj23CP39GXubJRBUFF0z8KFK77Uc0SukZUf7JZhsVEQ6n8w=="],

    "iconv-lite": ["iconv-lite@0.7.2", "", { "dependencies": { "safer-buffer": ">= 2.1.2 < 3.0.0" } }, "sha512-im9DjEDQ55s9fL4EYzOAv0yMqmMBSZp6G0VvFyTMPKWxiSBHUj9NW/qqLmXUwXrrM7AvqSlTCfvqRb0cM8yYqw=="],

    "inherits": ["inherits@2.0.4", "", {}, "sha512-k/vGaX4/Yla3WzyMCvTQOXYeIHvqOKtnqBduzTHpzpQZzAskKMhZ2K+EnBiSM9zGSoIFeMpXKxa4dYeZIQqewQ=="],

    "inquirer": ["inquirer@13.3.2", "", { "dependencies": { "@inquirer/ansi": "^2.0.4", "@inquirer/core": "^11.1.7", "@inquirer/prompts": "^8.3.2", "@inquirer/type": "^4.0.4", "mute-stream": "^3.0.0", "run-async": "^4.0.6", "rxjs": "^7.8.2" }, "peerDependencies": { "@types/node": ">=18" }, "optionalPeers": ["@types/node"] }, "sha512-bh/OjBGxNR9qvfQj1n5bxtIF58mbOTp2InN5dKuwUK03dXcDGFsjlDinQRuXMZ4EGiJaFieUWHCAaxH2p7iUBw=="],

    "isarray": ["isarray@1.0.0", "", {}, "sha512-VLghIWNM6ELQzo7zwmcg0NmTVyWKYjvIeM83yjp0wRDTmUnrM678fQbcKBo6n2CJEF0szoG//ytg+TKla89ALQ=="],

    "lodash": ["lodash@4.17.23", "", {}, "sha512-LgVTMpQtIopCi79SJeDiP0TfWi5CNEc/L/aRdTh3yIvmZXTnheWpKjSZhnvMl8iXbC1tFg9gdHHDMLoV7CnG+w=="],

    "mute-stream": ["mute-stream@3.0.0", "", {}, "sha512-dkEJPVvun4FryqBmZ5KhDo0K9iDXAwn08tMLDinNdRBNPcYEDiWYysLcc6k3mjTMlbP9KyylvRpd4wFtwrT9rw=="],

    "mysql": ["mysql@2.18.1", "", { "dependencies": { "bignumber.js": "9.0.0", "readable-stream": "2.3.7", "safe-buffer": "5.1.2", "sqlstring": "2.3.1" } }, "sha512-Bca+gk2YWmqp2Uf6k5NFEurwY/0td0cpebAucFpY/3jhrwrVGuxU2uQFCHjU19SJfje0yQvi+rVWdq78hR5lig=="],

    "process-nextick-args": ["process-nextick-args@2.0.1", "", {}, "sha512-3ouUOpQhtgrbOa17J7+uxOTpITYWaGP7/AhoR3+A+/1e9skrzelGi/dXzEYyvbxubEF6Wn2ypscTKiKJFFn1ag=="],

    "readable-stream": ["readable-stream@2.3.7", "", { "dependencies": { "core-util-is": "~1.0.0", "inherits": "~2.0.3", "isarray": "~1.0.0", "process-nextick-args": "~2.0.0", "safe-buffer": "~5.1.1", "string_decoder": "~1.1.1", "util-deprecate": "~1.0.1" } }, "sha512-Ebho8K4jIbHAxnuxi7o42OrZgF/ZTNcsZj6nRKyUmkhLFq8CHItp/fy6hQZuZmP/n3yZ9VBUbp4zz/mX8hmYPw=="],

    "run-async": ["run-async@4.0.6", "", {}, "sha512-IoDlSLTs3Yq593mb3ZoKWKXMNu3UpObxhgA/Xuid5p4bbfi2jdY1Hj0m1K+0/tEuQTxIGMhQDqGjKb7RuxGpAQ=="],

    "rxjs": ["rxjs@7.8.2", "", { "dependencies": { "tslib": "^2.1.0" } }, "sha512-dhKf903U/PQZY6boNNtAGdWbG85WAbjT/1xYoZIC7FAY0yWapOBQVsVrDl58W86//e1VpMNBtRV4MaXfdMySFA=="],

    "safe-buffer": ["safe-buffer@5.1.2", "", {}, "sha512-Gd2UZBJDkXlY7GbJxfsE8/nvKkUEU1G38c1siN6QP6a9PT9MmHB8GnpscSmMJSoF8LOIrt8ud/wPtojys4G6+g=="],

    "safer-buffer": ["safer-buffer@2.1.2", "", {}, "sha512-YZo3K82SD7Riyi0E1EQPojLz7kpepnSQI9IyPbHHg1XXXevb5dJI7tpyN2ADxGcQbHG7vcyRHk0cbwqcQriUtg=="],

    "signal-exit": ["signal-exit@4.1.0", "", {}, "sha512-bzyZ1e88w9O1iNJbKnOlvYTrWPDl46O1bG0D3XInv+9tkPrxrN8jUUTiFlDkkmKWgn1M6CfIA13SuGqOa9Korw=="],

    "sqlite-vec": ["sqlite-vec@0.1.7-alpha.2", "", { "optionalDependencies": { "sqlite-vec-darwin-arm64": "0.1.7-alpha.2", "sqlite-vec-darwin-x64": "0.1.7-alpha.2", "sqlite-vec-linux-arm64": "0.1.7-alpha.2", "sqlite-vec-linux-x64": "0.1.7-alpha.2", "sqlite-vec-windows-x64": "0.1.7-alpha.2" } }, "sha512-rNgRCv+4V4Ed3yc33Qr+nNmjhtrMnnHzXfLVPeGb28Dx5mmDL3Ngw/Wk8vhCGjj76+oC6gnkmMG8y73BZWGBwQ=="],

    "sqlite-vec-darwin-arm64": ["sqlite-vec-darwin-arm64@0.1.7-alpha.2", "", { "os": "darwin", "cpu": "arm64" }, "sha512-raIATOqFYkeCHhb/t3r7W7Cf2lVYdf4J3ogJ6GFc8PQEgHCPEsi+bYnm2JT84MzLfTlSTIdxr4/NKv+zF7oLPw=="],

    "sqlite-vec-darwin-x64": ["sqlite-vec-darwin-x64@0.1.7-alpha.2", "", { "os": "darwin", "cpu": "x64" }, "sha512-jeZEELsQjjRsVojsvU5iKxOvkaVuE+JYC8Y4Ma8U45aAERrDYmqZoHvgSG7cg1PXL3bMlumFTAmHynf1y4pOzA=="],

    "sqlite-vec-linux-arm64": ["sqlite-vec-linux-arm64@0.1.7-alpha.2", "", { "os": "linux", "cpu": "arm64" }, "sha512-6Spj4Nfi7tG13jsUG+W7jnT0bCTWbyPImu2M8nWp20fNrd1SZ4g3CSlDAK8GBdavX7wRlbBHCZ+BDa++rbDewA=="],

    "sqlite-vec-linux-x64": ["sqlite-vec-linux-x64@0.1.7-alpha.2", "", { "os": "linux", "cpu": "x64" }, "sha512-IcgrbHaDccTVhXDf8Orwdc2+hgDLAFORl6OBUhcvlmwswwBP1hqBTSEhovClG4NItwTOBNgpwOoQ7Qp3VDPWLg=="],

    "sqlite-vec-windows-x64": ["sqlite-vec-windows-x64@0.1.7-alpha.2", "", { "os": "win32", "cpu": "x64" }, "sha512-TRP6hTjAcwvQ6xpCZvjP00pdlda8J38ArFy1lMYhtQWXiIBmWnhMaMbq4kaeCYwvTTddfidatRS+TJrwIKB/oQ=="],

    "sqlstring": ["sqlstring@2.3.1", "", {}, "sha512-ooAzh/7dxIG5+uDik1z/Rd1vli0+38izZhGzSa34FwR7IbelPWCCKSNIl8jlL/F7ERvy8CB2jNeM1E9i9mXMAQ=="],

    "string_decoder": ["string_decoder@1.1.1", "", { "dependencies": { "safe-buffer": "~5.1.0" } }, "sha512-n/ShnvDi6FHbbVfviro+WojiFzv+s8MPMHBczVePfUpDJLwoLT0ht1l4YwBCbi8pJAveEEdnkHyPyTP/mzRfwg=="],

    "tslib": ["tslib@2.8.1", "", {}, "sha512-oJFu94HQb+KVduSUQL7wnpmqnfmLsOA/nAh6b6EH0wCEoK0/mPeXU6c3wKDV83MkOuHPRHtSXKKU99IBazS/2w=="],

    "typescript": ["typescript@5.9.3", "", { "bin": { "tsc": "bin/tsc", "tsserver": "bin/tsserver" } }, "sha512-jl1vZzPDinLr9eUt3J/t7V6FgNEw9QjvBPdysz9KfQDD41fQrC2Y4vKQdiaUpFT4bXlb1RHhLpp8wtm6M5TgSw=="],

    "undici-types": ["undici-types@7.18.2", "", {}, "sha512-AsuCzffGHJybSaRrmr5eHr81mwJU3kjw6M+uprWvCXiNeN9SOGwQ3Jn8jb8m3Z6izVgknn1R0FTCEAP2QrLY/w=="],

    "util-deprecate": ["util-deprecate@1.0.2", "", {}, "sha512-EPD5q1uXyFxJpCrLnCc1nHnq3gOa6DZBocAIiI2TaSCA7VCJ1UJDMagCzIkXNsUYfD1daK//LTEQ8xiIbrHtcw=="],

    "@inquirer/checkbox/@inquirer/ansi": ["@inquirer/ansi@2.0.3", "", {}, "sha512-g44zhR3NIKVs0zUesa4iMzExmZpLUdTLRMCStqX3GE5NT6VkPcxQGJ+uC8tDgBUC/vB1rUhUd55cOf++4NZcmw=="],

    "@inquirer/checkbox/@inquirer/core": ["@inquirer/core@11.1.5", "", { "dependencies": { "@inquirer/ansi": "^2.0.3", "@inquirer/figures": "^2.0.3", "@inquirer/type": "^4.0.3", "cli-width": "^4.1.0", "fast-wrap-ansi": "^0.2.0", "mute-stream": "^3.0.0", "signal-exit": "^4.1.0" }, "peerDependencies": { "@types/node": ">=18" }, "optionalPeers": ["@types/node"] }, "sha512-QQPAX+lka8GyLcZ7u7Nb1h6q72iZ/oy0blilC3IB2nSt1Qqxp7akt94Jqhi/DzARuN3Eo9QwJRvtl4tmVe4T5A=="],

    "@inquirer/checkbox/@inquirer/type": ["@inquirer/type@4.0.3", "", { "peerDependencies": { "@types/node": ">=18" }, "optionalPeers": ["@types/node"] }, "sha512-cKZN7qcXOpj1h+1eTTcGDVLaBIHNMT1Rz9JqJP5MnEJ0JhgVWllx7H/tahUp5YEK1qaByH2Itb8wLG/iScD5kw=="],

    "@inquirer/confirm/@inquirer/core": ["@inquirer/core@11.1.5", "", { "dependencies": { "@inquirer/ansi": "^2.0.3", "@inquirer/figures": "^2.0.3", "@inquirer/type": "^4.0.3", "cli-width": "^4.1.0", "fast-wrap-ansi": "^0.2.0", "mute-stream": "^3.0.0", "signal-exit": "^4.1.0" }, "peerDependencies": { "@types/node": ">=18" }, "optionalPeers": ["@types/node"] }, "sha512-QQPAX+lka8GyLcZ7u7Nb1h6q72iZ/oy0blilC3IB2nSt1Qqxp7akt94Jqhi/DzARuN3Eo9QwJRvtl4tmVe4T5A=="],

    "@inquirer/confirm/@inquirer/type": ["@inquirer/type@4.0.3", "", { "peerDependencies": { "@types/node": ">=18" }, "optionalPeers": ["@types/node"] }, "sha512-cKZN7qcXOpj1h+1eTTcGDVLaBIHNMT1Rz9JqJP5MnEJ0JhgVWllx7H/tahUp5YEK1qaByH2Itb8wLG/iScD5kw=="],

    "@inquirer/core/@inquirer/figures": ["@inquirer/figures@2.0.4", "", {}, "sha512-eLBsjlS7rPS3WEhmOmh1znQ5IsQrxWzxWDxO51e4urv+iVrSnIHbq4zqJIOiyNdYLa+BVjwOtdetcQx1lWPpiQ=="],

    "@inquirer/editor/@inquirer/core": ["@inquirer/core@11.1.5", "", { "dependencies": { "@inquirer/ansi": "^2.0.3", "@inquirer/figures": "^2.0.3", "@inquirer/type": "^4.0.3", "cli-width": "^4.1.0", "fast-wrap-ansi": "^0.2.0", "mute-stream": "^3.0.0", "signal-exit": "^4.1.0" }, "peerDependencies": { "@types/node": ">=18" }, "optionalPeers": ["@types/node"] }, "sha512-QQPAX+lka8GyLcZ7u7Nb1h6q72iZ/oy0blilC3IB2nSt1Qqxp7akt94Jqhi/DzARuN3Eo9QwJRvtl4tmVe4T5A=="],

    "@inquirer/editor/@inquirer/type": ["@inquirer/type@4.0.3", "", { "peerDependencies": { "@types/node": ">=18" }, "optionalPeers": ["@types/node"] }, "sha512-cKZN7qcXOpj1h+1eTTcGDVLaBIHNMT1Rz9JqJP5MnEJ0JhgVWllx7H/tahUp5YEK1qaByH2Itb8wLG/iScD5kw=="],

    "@inquirer/expand/@inquirer/core": ["@inquirer/core@11.1.5", "", { "dependencies": { "@inquirer/ansi": "^2.0.3", "@inquirer/figures": "^2.0.3", "@inquirer/type": "^4.0.3", "cli-width": "^4.1.0", "fast-wrap-ansi": "^0.2.0", "mute-stream": "^3.0.0", "signal-exit": "^4.1.0" }, "peerDependencies": { "@types/node": ">=18" }, "optionalPeers": ["@types/node"] }, "sha512-QQPAX+lka8GyLcZ7u7Nb1h6q72iZ/oy0blilC3IB2nSt1Qqxp7akt94Jqhi/DzARuN3Eo9QwJRvtl4tmVe4T5A=="],

    "@inquirer/expand/@inquirer/type": ["@inquirer/type@4.0.3", "", { "peerDependencies": { "@types/node": ">=18" }, "optionalPeers": ["@types/node"] }, "sha512-cKZN7qcXOpj1h+1eTTcGDVLaBIHNMT1Rz9JqJP5MnEJ0JhgVWllx7H/tahUp5YEK1qaByH2Itb8wLG/iScD5kw=="],

    "@inquirer/input/@inquirer/core": ["@inquirer/core@11.1.5", "", { "dependencies": { "@inquirer/ansi": "^2.0.3", "@inquirer/figures": "^2.0.3", "@inquirer/type": "^4.0.3", "cli-width": "^4.1.0", "fast-wrap-ansi": "^0.2.0", "mute-stream": "^3.0.0", "signal-exit": "^4.1.0" }, "peerDependencies": { "@types/node": ">=18" }, "optionalPeers": ["@types/node"] }, "sha512-QQPAX+lka8GyLcZ7u7Nb1h6q72iZ/oy0blilC3IB2nSt1Qqxp7akt94Jqhi/DzARuN3Eo9QwJRvtl4tmVe4T5A=="],

    "@inquirer/input/@inquirer/type": ["@inquirer/type@4.0.3", "", { "peerDependencies": { "@types/node": ">=18" }, "optionalPeers": ["@types/node"] }, "sha512-cKZN7qcXOpj1h+1eTTcGDVLaBIHNMT1Rz9JqJP5MnEJ0JhgVWllx7H/tahUp5YEK1qaByH2Itb8wLG/iScD5kw=="],

    "@inquirer/number/@inquirer/core": ["@inquirer/core@11.1.5", "", { "dependencies": { "@inquirer/ansi": "^2.0.3", "@inquirer/figures": "^2.0.3", "@inquirer/type": "^4.0.3", "cli-width": "^4.1.0", "fast-wrap-ansi": "^0.2.0", "mute-stream": "^3.0.0", "signal-exit": "^4.1.0" }, "peerDependencies": { "@types/node": ">=18" }, "optionalPeers": ["@types/node"] }, "sha512-QQPAX+lka8GyLcZ7u7Nb1h6q72iZ/oy0blilC3IB2nSt1Qqxp7akt94Jqhi/DzARuN3Eo9QwJRvtl4tmVe4T5A=="],

    "@inquirer/number/@inquirer/type": ["@inquirer/type@4.0.3", "", { "peerDependencies": { "@types/node": ">=18" }, "optionalPeers": ["@types/node"] }, "sha512-cKZN7qcXOpj1h+1eTTcGDVLaBIHNMT1Rz9JqJP5MnEJ0JhgVWllx7H/tahUp5YEK1qaByH2Itb8wLG/iScD5kw=="],

    "@inquirer/password/@inquirer/ansi": ["@inquirer/ansi@2.0.3", "", {}, "sha512-g44zhR3NIKVs0zUesa4iMzExmZpLUdTLRMCStqX3GE5NT6VkPcxQGJ+uC8tDgBUC/vB1rUhUd55cOf++4NZcmw=="],

    "@inquirer/password/@inquirer/core": ["@inquirer/core@11.1.5", "", { "dependencies": { "@inquirer/ansi": "^2.0.3", "@inquirer/figures": "^2.0.3", "@inquirer/type": "^4.0.3", "cli-width": "^4.1.0", "fast-wrap-ansi": "^0.2.0", "mute-stream": "^3.0.0", "signal-exit": "^4.1.0" }, "peerDependencies": { "@types/node": ">=18" }, "optionalPeers": ["@types/node"] }, "sha512-QQPAX+lka8GyLcZ7u7Nb1h6q72iZ/oy0blilC3IB2nSt1Qqxp7akt94Jqhi/DzARuN3Eo9QwJRvtl4tmVe4T5A=="],

    "@inquirer/password/@inquirer/type": ["@inquirer/type@4.0.3", "", { "peerDependencies": { "@types/node": ">=18" }, "optionalPeers": ["@types/node"] }, "sha512-cKZN7qcXOpj1h+1eTTcGDVLaBIHNMT1Rz9JqJP5MnEJ0JhgVWllx7H/tahUp5YEK1qaByH2Itb8wLG/iScD5kw=="],

    "@inquirer/rawlist/@inquirer/core": ["@inquirer/core@11.1.5", "", { "dependencies": { "@inquirer/ansi": "^2.0.3", "@inquirer/figures": "^2.0.3", "@inquirer/type": "^4.0.3", "cli-width": "^4.1.0", "fast-wrap-ansi": "^0.2.0", "mute-stream": "^3.0.0", "signal-exit": "^4.1.0" }, "peerDependencies": { "@types/node": ">=18" }, "optionalPeers": ["@types/node"] }, "sha512-QQPAX+lka8GyLcZ7u7Nb1h6q72iZ/oy0blilC3IB2nSt1Qqxp7akt94Jqhi/DzARuN3Eo9QwJRvtl4tmVe4T5A=="],

    "@inquirer/rawlist/@inquirer/type": ["@inquirer/type@4.0.3", "", { "peerDependencies": { "@types/node": ">=18" }, "optionalPeers": ["@types/node"] }, "sha512-cKZN7qcXOpj1h+1eTTcGDVLaBIHNMT1Rz9JqJP5MnEJ0JhgVWllx7H/tahUp5YEK1qaByH2Itb8wLG/iScD5kw=="],

    "@inquirer/search/@inquirer/core": ["@inquirer/core@11.1.5", "", { "dependencies": { "@inquirer/ansi": "^2.0.3", "@inquirer/figures": "^2.0.3", "@inquirer/type": "^4.0.3", "cli-width": "^4.1.0", "fast-wrap-ansi": "^0.2.0", "mute-stream": "^3.0.0", "signal-exit": "^4.1.0" }, "peerDependencies": { "@types/node": ">=18" }, "optionalPeers": ["@types/node"] }, "sha512-QQPAX+lka8GyLcZ7u7Nb1h6q72iZ/oy0blilC3IB2nSt1Qqxp7akt94Jqhi/DzARuN3Eo9QwJRvtl4tmVe4T5A=="],

    "@inquirer/search/@inquirer/type": ["@inquirer/type@4.0.3", "", { "peerDependencies": { "@types/node": ">=18" }, "optionalPeers": ["@types/node"] }, "sha512-cKZN7qcXOpj1h+1eTTcGDVLaBIHNMT1Rz9JqJP5MnEJ0JhgVWllx7H/tahUp5YEK1qaByH2Itb8wLG/iScD5kw=="],

    "@inquirer/select/@inquirer/ansi": ["@inquirer/ansi@2.0.3", "", {}, "sha512-g44zhR3NIKVs0zUesa4iMzExmZpLUdTLRMCStqX3GE5NT6VkPcxQGJ+uC8tDgBUC/vB1rUhUd55cOf++4NZcmw=="],

    "@inquirer/select/@inquirer/core": ["@inquirer/core@11.1.5", "", { "dependencies": { "@inquirer/ansi": "^2.0.3", "@inquirer/figures": "^2.0.3", "@inquirer/type": "^4.0.3", "cli-width": "^4.1.0", "fast-wrap-ansi": "^0.2.0", "mute-stream": "^3.0.0", "signal-exit": "^4.1.0" }, "peerDependencies": { "@types/node": ">=18" }, "optionalPeers": ["@types/node"] }, "sha512-QQPAX+lka8GyLcZ7u7Nb1h6q72iZ/oy0blilC3IB2nSt1Qqxp7akt94Jqhi/DzARuN3Eo9QwJRvtl4tmVe4T5A=="],

    "@inquirer/select/@inquirer/type": ["@inquirer/type@4.0.3", "", { "peerDependencies": { "@types/node": ">=18" }, "optionalPeers": ["@types/node"] }, "sha512-cKZN7qcXOpj1h+1eTTcGDVLaBIHNMT1Rz9JqJP5MnEJ0JhgVWllx7H/tahUp5YEK1qaByH2Itb8wLG/iScD5kw=="],

    "inquirer/@inquirer/prompts": ["@inquirer/prompts@8.3.2", "", { "dependencies": { "@inquirer/checkbox": "^5.1.2", "@inquirer/confirm": "^6.0.10", "@inquirer/editor": "^5.0.10", "@inquirer/expand": "^5.0.10", "@inquirer/input": "^5.0.10", "@inquirer/number": "^4.0.10", "@inquirer/password": "^5.0.10", "@inquirer/rawlist": "^5.2.6", "@inquirer/search": "^4.1.6", "@inquirer/select": "^5.1.2" }, "peerDependencies": { "@types/node": ">=18" }, "optionalPeers": ["@types/node"] }, "sha512-yFroiSj2iiBFlm59amdTvAcQFvWS6ph5oKESls/uqPBect7rTU2GbjyZO2DqxMGuIwVA8z0P4K6ViPcd/cp+0w=="],

    "@inquirer/confirm/@inquirer/core/@inquirer/ansi": ["@inquirer/ansi@2.0.3", "", {}, "sha512-g44zhR3NIKVs0zUesa4iMzExmZpLUdTLRMCStqX3GE5NT6VkPcxQGJ+uC8tDgBUC/vB1rUhUd55cOf++4NZcmw=="],

    "@inquirer/editor/@inquirer/core/@inquirer/ansi": ["@inquirer/ansi@2.0.3", "", {}, "sha512-g44zhR3NIKVs0zUesa4iMzExmZpLUdTLRMCStqX3GE5NT6VkPcxQGJ+uC8tDgBUC/vB1rUhUd55cOf++4NZcmw=="],

    "@inquirer/expand/@inquirer/core/@inquirer/ansi": ["@inquirer/ansi@2.0.3", "", {}, "sha512-g44zhR3NIKVs0zUesa4iMzExmZpLUdTLRMCStqX3GE5NT6VkPcxQGJ+uC8tDgBUC/vB1rUhUd55cOf++4NZcmw=="],

    "@inquirer/input/@inquirer/core/@inquirer/ansi": ["@inquirer/ansi@2.0.3", "", {}, "sha512-g44zhR3NIKVs0zUesa4iMzExmZpLUdTLRMCStqX3GE5NT6VkPcxQGJ+uC8tDgBUC/vB1rUhUd55cOf++4NZcmw=="],

    "@inquirer/number/@inquirer/core/@inquirer/ansi": ["@inquirer/ansi@2.0.3", "", {}, "sha512-g44zhR3NIKVs0zUesa4iMzExmZpLUdTLRMCStqX3GE5NT6VkPcxQGJ+uC8tDgBUC/vB1rUhUd55cOf++4NZcmw=="],

    "@inquirer/rawlist/@inquirer/core/@inquirer/ansi": ["@inquirer/ansi@2.0.3", "", {}, "sha512-g44zhR3NIKVs0zUesa4iMzExmZpLUdTLRMCStqX3GE5NT6VkPcxQGJ+uC8tDgBUC/vB1rUhUd55cOf++4NZcmw=="],

    "@inquirer/search/@inquirer/core/@inquirer/ansi": ["@inquirer/ansi@2.0.3", "", {}, "sha512-g44zhR3NIKVs0zUesa4iMzExmZpLUdTLRMCStqX3GE5NT6VkPcxQGJ+uC8tDgBUC/vB1rUhUd55cOf++4NZcmw=="],

    "inquirer/@inquirer/prompts/@inquirer/checkbox": ["@inquirer/checkbox@5.1.2", "", { "dependencies": { "@inquirer/ansi": "^2.0.4", "@inquirer/core": "^11.1.7", "@inquirer/figures": "^2.0.4", "@inquirer/type": "^4.0.4" }, "peerDependencies": { "@types/node": ">=18" }, "optionalPeers": ["@types/node"] }, "sha512-PubpMPO2nJgMufkoB3P2wwxNXEMUXnBIKi/ACzDUYfaoPuM7gSTmuxJeMscoLVEsR4qqrCMf5p0SiYGWnVJ8kw=="],

    "inquirer/@inquirer/prompts/@inquirer/confirm": ["@inquirer/confirm@6.0.10", "", { "dependencies": { "@inquirer/core": "^11.1.7", "@inquirer/type": "^4.0.4" }, "peerDependencies": { "@types/node": ">=18" }, "optionalPeers": ["@types/node"] }, "sha512-tiNyA73pgpQ0FQ7axqtoLUe4GDYjNCDcVsbgcA5anvwg2z6i+suEngLKKJrWKJolT//GFPZHwN30binDIHgSgQ=="],

    "inquirer/@inquirer/prompts/@inquirer/editor": ["@inquirer/editor@5.0.10", "", { "dependencies": { "@inquirer/core": "^11.1.7", "@inquirer/external-editor": "^2.0.4", "@inquirer/type": "^4.0.4" }, "peerDependencies": { "@types/node": ">=18" }, "optionalPeers": ["@types/node"] }, "sha512-VJx4XyaKea7t8hEApTw5dxeIyMtWXre2OiyJcICCRZI4hkoHsMoCnl/KbUnJJExLbH9csLLHMVR144ZhFE1CwA=="],

    "inquirer/@inquirer/prompts/@inquirer/expand": ["@inquirer/expand@5.0.10", "", { "dependencies": { "@inquirer/core": "^11.1.7", "@inquirer/type": "^4.0.4" }, "peerDependencies": { "@types/node": ">=18" }, "optionalPeers": ["@types/node"] }, "sha512-fC0UHJPXsTRvY2fObiwuQYaAnHrp3aDqfwKUJSdfpgv18QUG054ezGbaRNStk/BKD5IPijeMKWej8VV8O5Q/eQ=="],

    "inquirer/@inquirer/prompts/@inquirer/input": ["@inquirer/input@5.0.10", "", { "dependencies": { "@inquirer/core": "^11.1.7", "@inquirer/type": "^4.0.4" }, "peerDependencies": { "@types/node": ">=18" }, "optionalPeers": ["@types/node"] }, "sha512-nvZ6qEVeX/zVtZ1dY2hTGDQpVGD3R7MYPLODPgKO8Y+RAqxkrP3i/3NwF3fZpLdaMiNuK0z2NaYIx9tPwiSegQ=="],

    "inquirer/@inquirer/prompts/@inquirer/number": ["@inquirer/number@4.0.10", "", { "dependencies": { "@inquirer/core": "^11.1.7", "@inquirer/type": "^4.0.4" }, "peerDependencies": { "@types/node": ">=18" }, "optionalPeers": ["@types/node"] }, "sha512-Ht8OQstxiS3APMGjHV0aYAjRAysidWdwurWEo2i8yI5xbhOBWqizT0+MU1S2GCcuhIBg+3SgWVjEoXgfhY+XaA=="],

    "inquirer/@inquirer/prompts/@inquirer/password": ["@inquirer/password@5.0.10", "", { "dependencies": { "@inquirer/ansi": "^2.0.4", "@inquirer/core": "^11.1.7", "@inquirer/type": "^4.0.4" }, "peerDependencies": { "@types/node": ">=18" }, "optionalPeers": ["@types/node"] }, "sha512-QbNyvIE8q2GTqKLYSsA8ATG+eETo+m31DSR0+AU7x3d2FhaTWzqQek80dj3JGTo743kQc6mhBR0erMjYw5jQ0A=="],

    "inquirer/@inquirer/prompts/@inquirer/rawlist": ["@inquirer/rawlist@5.2.6", "", { "dependencies": { "@inquirer/core": "^11.1.7", "@inquirer/type": "^4.0.4" }, "peerDependencies": { "@types/node": ">=18" }, "optionalPeers": ["@types/node"] }, "sha512-jfw0MLJ5TilNsa9zlJ6nmRM0ZFVZhhTICt4/6CU2Dv1ndY7l3sqqo1gIYZyMMDw0LvE1u1nzJNisfHEhJIxq5w=="],

    "inquirer/@inquirer/prompts/@inquirer/search": ["@inquirer/search@4.1.6", "", { "dependencies": { "@inquirer/core": "^11.1.7", "@inquirer/figures": "^2.0.4", "@inquirer/type": "^4.0.4" }, "peerDependencies": { "@types/node": ">=18" }, "optionalPeers": ["@types/node"] }, "sha512-3/6kTRae98hhDevENScy7cdFEuURnSpM3JbBNg8yfXLw88HgTOl+neUuy/l9W0No5NzGsLVydhBzTIxZP7yChQ=="],

    "inquirer/@inquirer/prompts/@inquirer/select": ["@inquirer/select@5.1.2", "", { "dependencies": { "@inquirer/ansi": "^2.0.4", "@inquirer/core": "^11.1.7", "@inquirer/figures": "^2.0.4", "@inquirer/type": "^4.0.4" }, "peerDependencies": { "@types/node": ">=18" }, "optionalPeers": ["@types/node"] }, "sha512-kTK8YIkHV+f02y7bWCh7E0u2/11lul5WepVTclr3UMBtBr05PgcZNWfMa7FY57ihpQFQH/spLMHTcr0rXy50tA=="],

    "inquirer/@inquirer/prompts/@inquirer/checkbox/@inquirer/figures": ["@inquirer/figures@2.0.4", "", {}, "sha512-eLBsjlS7rPS3WEhmOmh1znQ5IsQrxWzxWDxO51e4urv+iVrSnIHbq4zqJIOiyNdYLa+BVjwOtdetcQx1lWPpiQ=="],

    "inquirer/@inquirer/prompts/@inquirer/editor/@inquirer/external-editor": ["@inquirer/external-editor@2.0.4", "", { "dependencies": { "chardet": "^2.1.1", "iconv-lite": "^0.7.2" }, "peerDependencies": { "@types/node": ">=18" }, "optionalPeers": ["@types/node"] }, "sha512-Prenuv9C1PHj2Itx0BcAOVBTonz02Hc2Nd2DbU67PdGUaqn0nPCnV34oDyyoaZHnmfRxkpuhh/u51ThkrO+RdA=="],

    "inquirer/@inquirer/prompts/@inquirer/search/@inquirer/figures": ["@inquirer/figures@2.0.4", "", {}, "sha512-eLBsjlS7rPS3WEhmOmh1znQ5IsQrxWzxWDxO51e4urv+iVrSnIHbq4zqJIOiyNdYLa+BVjwOtdetcQx1lWPpiQ=="],

    "inquirer/@inquirer/prompts/@inquirer/select/@inquirer/figures": ["@inquirer/figures@2.0.4", "", {}, "sha512-eLBsjlS7rPS3WEhmOmh1znQ5IsQrxWzxWDxO51e4urv+iVrSnIHbq4zqJIOiyNdYLa+BVjwOtdetcQx1lWPpiQ=="],
  }
}
